
Microsoft Visual Studio Solution File, Format Version 12.00
# Visual Studio Version 16
VisualStudioVersion = 16.0.29503.13
MinimumVisualStudioVersion = 10.0.40219.1
Project("{FAE04EC0-301F-11D3-BF4B-00C04F79EFBC}") = "WebApi", "WebApi\WebApi.csproj", "{AE32F005-F41F-4EBC-86CE-84B4E0A7311A}"
EndProject
Project("{FAE04EC0-301F-11D3-BF4B-00C04F79EFBC}") = "Domain", "Dominio\Domain.csproj", "{52AED7D8-7862-4CE5-B417-F46116236D09}"
EndProject
Project("{FAE04EC0-301F-11D3-BF4B-00C04F79EFBC}") = "Persistence", "Persistencia\Persistence.csproj", "{84D1E869-9ACA-4FB0-8DC6-AA3A9A515480}"
EndProject
Project("{FAE04EC0-301F-11D3-BF4B-00C04F79EFBC}") = "Aplication", "Aplication\Aplication.csproj", "{8EC2EF25-9929-4952-BB75-74B09A11DE78}"
EndProject
Global
	GlobalSection(SolutionConfigurationPlatforms) = preSolution
		Debug|Any CPU = Debug|Any CPU
		Release|Any CPU = Release|Any CPU
	EndGlobalSection
	GlobalSection(ProjectConfigurationPlatforms) = postSolution
		{AE32F005-F41F-4EBC-86CE-84B4E0A7311A}.Debug|Any CPU.ActiveCfg = Debug|Any CPU
		{AE32F005-F41F-4EBC-86CE-84B4E0A7311A}.Debug|Any CPU.Build.0 = Debug|Any CPU
		{AE32F005-F41F-4EBC-86CE-84B4E0A7311A}.Release|Any CPU.ActiveCfg = Release|Any CPU
		{AE32F005-F41F-4EBC-86CE-84B4E0A7311A}.Release|Any CPU.Build.0 = Release|Any CPU
		{52AED7D8-7862-4CE5-B417-F46116236D09}.Debug|Any CPU.ActiveCfg = Debug|Any CPU
		{52AED7D8-7862-4CE5-B417-F46116236D09}.Debug|Any CPU.Build.0 = Debug|Any CPU
		{52AED7D8-7862-4CE5-B417-F46116236D09}.Release|Any CPU.ActiveCfg = Release|Any CPU
		{52AED7D8-7862-4CE5-B417-F46116236D09}.Release|Any CPU.Build.0 = Release|Any CPU
		{84D1E869-9ACA-4FB0-8DC6-AA3A9A515480}.Debug|Any CPU.ActiveCfg = Debug|Any CPU
		{84D1E869-9ACA-4FB0-8DC6-AA3A9A515480}.Debug|Any CPU.Build.0 = Debug|Any CPU
		{84D1E869-9ACA-4FB0-8DC6-AA3A9A515480}.Release|Any CPU.ActiveCfg = Release|Any CPU
		{84D1E869-9ACA-4FB0-8DC6-AA3A9A515480}.Release|Any CPU.Build.0 = Release|Any CPU
		{8EC2EF25-9929-4952-BB75-74B09A11DE78}.Debug|Any CPU.ActiveCfg = Debug|Any CPU
		{8EC2EF25-9929-4952-BB75-74B09A11DE78}.Debug|Any CPU.Build.0 = Debug|Any CPU
		{8EC2EF25-9929-4952-BB75-74B09A11DE78}.Release|Any CPU.ActiveCfg = Release|Any CPU
		{8EC2EF25-9929-4952-BB75-74B09A11DE78}.Release|Any CPU.Build.0 = Release|Any CPU
	EndGlobalSection
	GlobalSection(SolutionProperties) = preSolution
		HideSolutionNode = FALSE
	EndGlobalSection
	GlobalSection(ExtensibilityGlobals) = postSolution
		SolutionGuid = {97380DF8-3C1F-489A-95B6-D69E827D1ED4}
	EndGlobalSection
EndGlobal
